{
  "name": "install-jar-dependency-example",
  "version": "1.0.0",
  "lockfileVersion": 1,
  "requires": true,
  "dependencies": {
    "kotlin": {
      "version": "1.3.72",
      "resolved": "https://registry.npmjs.org/kotlin/-/kotlin-1.3.72.tgz",
      "integrity": "sha512-hvGztbc+K1bXDBdyonHPAbQ+TQnFf/zpI/+x3TuqOl199/O1SPOxbbe0ct6Cmu+k48EURpuXY4iz/+sM0VOHIg=="
    }
  }
}
